// !$*UTF8*$!
{
	archiveVersion = 1;
	classes = {
	};
	objectVersion = 46;
	objects = {

/* Begin PBXBuildFile section */
		7B15DBC61F5F8A6F003F515E /* main.c in Sources */ = {isa = PBXBuildFile; fileRef = 7B15DBC51F5F8A6F003F515E /* main.c */; };
		7B7947151F7C8D86006B7FE3 /* OperadoresLogicosRelacionais.c in Sources */ = {isa = PBXBuildFile; fileRef = 7B7947131F7C8D86006B7FE3 /* OperadoresLogicosRelacionais.c */; };
		7B7947181F7C8DAD006B7FE3 /* Operadores.c in Sources */ = {isa = PBXBuildFile; fileRef = 7B7947161F7C8DAD006B7FE3 /* Operadores.c */; };
		7BE933A41F774112008A7CBF /* Saida.c in Sources */ = {isa = PBXBuildFile; fileRef = 7BE933A21F774112008A7CBF /* Saida.c */; };
		7BE933A71F77479D008A7CBF /* Entrada.c in Sources */ = {isa = PBXBuildFile; fileRef = 7BE933A51F77479D008A7CBF /* Entrada.c */; };
		7BE933B31F7758AE008A7CBF /* Variaveis.c in Sources */ = {isa = PBXBuildFile; fileRef = 7BE933B11F7758AE008A7CBF /* Variaveis.c */; };
		7BE933BC1F7760CA008A7CBF /* Loops.c in Sources */ = {isa = PBXBuildFile; fileRef = 7BE933BB1F7760CA008A7CBF /* Loops.c */; };
		7BE933C21F776F84008A7CBF /* Condicionais.c in Sources */ = {isa = PBXBuildFile; fileRef = 7BE933C01F776F84008A7CBF /* Condicionais.c */; };
		7BE933C51F7896E6008A7CBF /* Variaveis2.c in Sources */ = {isa = PBXBuildFile; fileRef = 7BE933C31F7896E6008A7CBF /* Variaveis2.c */; };
		7BE933C91F7899BD008A7CBF /* VariaveisGlobais.c in Sources */ = {isa = PBXBuildFile; fileRef = 7BE933C71F7899BD008A7CBF /* VariaveisGlobais.c */; };
		7BE933CC1F7899CD008A7CBF /* VariaveisGlobais2.c in Sources */ = {isa = PBXBuildFile; fileRef = 7BE933CA1F7899CD008A7CBF /* VariaveisGlobais2.c */; };
		7BE933D01F789F7F008A7CBF /* ModificadoresDeVariaveis.c in Sources */ = {isa = PBXBuildFile; fileRef = 7BE933CE1F789F7F008A7CBF /* ModificadoresDeVariaveis.c */; };
		7BE933D41F79DF65008A7CBF /* VariaveisEstaticas.c in Sources */ = {isa = PBXBuildFile; fileRef = 7BE933D21F79DF65008A7CBF /* VariaveisEstaticas.c */; };
		7BE933D81F79E6CE008A7CBF /* Register.c in Sources */ = {isa = PBXBuildFile; fileRef = 7BE933D61F79E6CE008A7CBF /* Register.c */; };
/* End PBXBuildFile section */

/* Begin PBXCopyFilesBuildPhase section */
		7B15DBC01F5F8A6F003F515E /* CopyFiles */ = {
			isa = PBXCopyFilesBuildPhase;
			buildActionMask = 2147483647;
			dstPath = /usr/share/man/man1/;
			dstSubfolderSpec = 0;
			files = (
			);
			runOnlyForDeploymentPostprocessing = 1;
		};
/* End PBXCopyFilesBuildPhase section */

/* Begin PBXFileReference section */
		7B15DBC21F5F8A6F003F515E /* CStudies */ = {isa = PBXFileReference; explicitFileType = "compiled.mach-o.executable"; includeInIndex = 0; path = CStudies; sourceTree = BUILT_PRODUCTS_DIR; };
		7B15DBC51F5F8A6F003F515E /* main.c */ = {isa = PBXFileReference; lastKnownFileType = sourcecode.c.c; path = main.c; sourceTree = "<group>"; };
		7B7947131F7C8D86006B7FE3 /* OperadoresLogicosRelacionais.c */ = {isa = PBXFileReference; lastKnownFileType = sourcecode.c.c; path = OperadoresLogicosRelacionais.c; sourceTree = "<group>"; };
		7B7947141F7C8D86006B7FE3 /* OperadoresLogicosRelacionais.h */ = {isa = PBXFileReference; lastKnownFileType = sourcecode.c.h; path = OperadoresLogicosRelacionais.h; sourceTree = "<group>"; };
		7B7947161F7C8DAD006B7FE3 /* Operadores.c */ = {isa = PBXFileReference; lastKnownFileType = sourcecode.c.c; path = Operadores.c; sourceTree = "<group>"; };
		7B7947171F7C8DAD006B7FE3 /* Operadores.h */ = {isa = PBXFileReference; lastKnownFileType = sourcecode.c.h; path = Operadores.h; sourceTree = "<group>"; };
		7BE933A21F774112008A7CBF /* Saida.c */ = {isa = PBXFileReference; lastKnownFileType = sourcecode.c.c; path = Saida.c; sourceTree = "<group>"; };
		7BE933A31F774112008A7CBF /* Saida.h */ = {isa = PBXFileReference; lastKnownFileType = sourcecode.c.h; path = Saida.h; sourceTree = "<group>"; };
		7BE933A51F77479D008A7CBF /* Entrada.c */ = {isa = PBXFileReference; lastKnownFileType = sourcecode.c.c; path = Entrada.c; sourceTree = "<group>"; };
		7BE933A61F77479D008A7CBF /* Entrada.h */ = {isa = PBXFileReference; lastKnownFileType = sourcecode.c.h; path = Entrada.h; sourceTree = "<group>"; };
		7BE933B11F7758AE008A7CBF /* Variaveis.c */ = {isa = PBXFileReference; lastKnownFileType = sourcecode.c.c; path = Variaveis.c; sourceTree = "<group>"; };
		7BE933B21F7758AE008A7CBF /* Variaveis.h */ = {isa = PBXFileReference; lastKnownFileType = sourcecode.c.h; path = Variaveis.h; sourceTree = "<group>"; };
		7BE933BA1F7760C9008A7CBF /* Loops.h */ = {isa = PBXFileReference; fileEncoding = 4; lastKnownFileType = sourcecode.c.h; name = Loops.h; path = CStudies/Capitulo03/Loops.h; sourceTree = SOURCE_ROOT; };
		7BE933BB1F7760CA008A7CBF /* Loops.c */ = {isa = PBXFileReference; fileEncoding = 4; lastKnownFileType = sourcecode.c.c; name = Loops.c; path = CStudies/Capitulo03/Loops.c; sourceTree = SOURCE_ROOT; };
		7BE933C01F776F84008A7CBF /* Condicionais.c */ = {isa = PBXFileReference; lastKnownFileType = sourcecode.c.c; path = Condicionais.c; sourceTree = "<group>"; };
		7BE933C11F776F84008A7CBF /* Condicionais.h */ = {isa = PBXFileReference; lastKnownFileType = sourcecode.c.h; path = Condicionais.h; sourceTree = "<group>"; };
		7BE933C31F7896E6008A7CBF /* Variaveis2.c */ = {isa = PBXFileReference; lastKnownFileType = sourcecode.c.c; path = Variaveis2.c; sourceTree = "<group>"; };
		7BE933C41F7896E6008A7CBF /* Variaveis2.h */ = {isa = PBXFileReference; lastKnownFileType = sourcecode.c.h; path = Variaveis2.h; sourceTree = "<group>"; };
		7BE933C71F7899BD008A7CBF /* VariaveisGlobais.c */ = {isa = PBXFileReference; lastKnownFileType = sourcecode.c.c; path = VariaveisGlobais.c; sourceTree = "<group>"; };
		7BE933C81F7899BD008A7CBF /* VariaveisGlobais.h */ = {isa = PBXFileReference; lastKnownFileType = sourcecode.c.h; path = VariaveisGlobais.h; sourceTree = "<group>"; };
		7BE933CA1F7899CD008A7CBF /* VariaveisGlobais2.c */ = {isa = PBXFileReference; lastKnownFileType = sourcecode.c.c; path = VariaveisGlobais2.c; sourceTree = "<group>"; };
		7BE933CB1F7899CD008A7CBF /* VariaveisGlobais2.h */ = {isa = PBXFileReference; lastKnownFileType = sourcecode.c.h; path = VariaveisGlobais2.h; sourceTree = "<group>"; };
		7BE933CE1F789F7F008A7CBF /* ModificadoresDeVariaveis.c */ = {isa = PBXFileReference; lastKnownFileType = sourcecode.c.c; path = ModificadoresDeVariaveis.c; sourceTree = "<group>"; };
		7BE933CF1F789F7F008A7CBF /* ModificadoresDeVariaveis.h */ = {isa = PBXFileReference; lastKnownFileType = sourcecode.c.h; path = ModificadoresDeVariaveis.h; sourceTree = "<group>"; };
		7BE933D21F79DF65008A7CBF /* VariaveisEstaticas.c */ = {isa = PBXFileReference; lastKnownFileType = sourcecode.c.c; path = VariaveisEstaticas.c; sourceTree = "<group>"; };
		7BE933D31F79DF65008A7CBF /* VariaveisEstaticas.h */ = {isa = PBXFileReference; lastKnownFileType = sourcecode.c.h; path = VariaveisEstaticas.h; sourceTree = "<group>"; };
		7BE933D61F79E6CE008A7CBF /* Register.c */ = {isa = PBXFileReference; lastKnownFileType = sourcecode.c.c; path = Register.c; sourceTree = "<group>"; };
		7BE933D71F79E6CE008A7CBF /* Register.h */ = {isa = PBXFileReference; lastKnownFileType = sourcecode.c.h; path = Register.h; sourceTree = "<group>"; };
/* End PBXFileReference section */

/* Begin PBXFrameworksBuildPhase section */
		7B15DBBF1F5F8A6F003F515E /* Frameworks */ = {
			isa = PBXFrameworksBuildPhase;
			buildActionMask = 2147483647;
			files = (
			);
			runOnlyForDeploymentPostprocessing = 0;
		};
/* End PBXFrameworksBuildPhase section */

/* Begin PBXGroup section */
		7B15DBB91F5F8A6F003F515E = {
			isa = PBXGroup;
			children = (
				7B15DBC41F5F8A6F003F515E /* CStudies */,
				7B15DBC31F5F8A6F003F515E /* Products */,
			);
			sourceTree = "<group>";
		};
		7B15DBC31F5F8A6F003F515E /* Products */ = {
			isa = PBXGroup;
			children = (
				7B15DBC21F5F8A6F003F515E /* CStudies */,
			);
			name = Products;
			sourceTree = "<group>";
		};
		7B15DBC41F5F8A6F003F515E /* CStudies */ = {
			isa = PBXGroup;
			children = (
				7B7947121F7C8D63006B7FE3 /* Capitulo09 */,
				7BE933D51F79E66A008A7CBF /* Capitulo08 */,
				7BE933D11F79DF4A008A7CBF /* Capitulo07 */,
				7BE933CD1F789F6E008A7CBF /* Capitulo06 */,
				7BE933C61F7899A1008A7CBF /* Capitulo05 */,
				7BE933BF1F776F4E008A7CBF /* Capitulo04 */,
				7BE933B91F7760B7008A7CBF /* Capitulo03 */,
				7BE933B01F775871008A7CBF /* Capitulo02 */,
				7BE933AF1F775588008A7CBF /* Capitulo01 */,
				7B15DBC51F5F8A6F003F515E /* main.c */,
			);
			path = CStudies;
			sourceTree = "<group>";
		};
		7B7947121F7C8D63006B7FE3 /* Capitulo09 */ = {
			isa = PBXGroup;
			children = (
				7B7947131F7C8D86006B7FE3 /* OperadoresLogicosRelacionais.c */,
				7B7947141F7C8D86006B7FE3 /* OperadoresLogicosRelacionais.h */,
			);
			path = Capitulo09;
			sourceTree = "<group>";
		};
		7BE933AF1F775588008A7CBF /* Capitulo01 */ = {
			isa = PBXGroup;
			children = (
				7BE933A31F774112008A7CBF /* Saida.h */,
				7BE933A21F774112008A7CBF /* Saida.c */,
				7BE933A51F77479D008A7CBF /* Entrada.c */,
				7BE933A61F77479D008A7CBF /* Entrada.h */,
			);
			path = Capitulo01;
			sourceTree = "<group>";
		};
		7BE933B01F775871008A7CBF /* Capitulo02 */ = {
			isa = PBXGroup;
			children = (
				7BE933B11F7758AE008A7CBF /* Variaveis.c */,
				7BE933B21F7758AE008A7CBF /* Variaveis.h */,
				7BE933C31F7896E6008A7CBF /* Variaveis2.c */,
				7BE933C41F7896E6008A7CBF /* Variaveis2.h */,
			);
			path = Capitulo02;
			sourceTree = "<group>";
		};
		7BE933B91F7760B7008A7CBF /* Capitulo03 */ = {
			isa = PBXGroup;
			children = (
				7BE933BB1F7760CA008A7CBF /* Loops.c */,
				7BE933BA1F7760C9008A7CBF /* Loops.h */,
			);
			path = Capitulo03;
			sourceTree = "<group>";
		};
		7BE933BF1F776F4E008A7CBF /* Capitulo04 */ = {
			isa = PBXGroup;
			children = (
				7BE933C01F776F84008A7CBF /* Condicionais.c */,
				7BE933C11F776F84008A7CBF /* Condicionais.h */,
			);
			path = Capitulo04;
			sourceTree = "<group>";
		};
		7BE933C61F7899A1008A7CBF /* Capitulo05 */ = {
			isa = PBXGroup;
			children = (
				7BE933C71F7899BD008A7CBF /* VariaveisGlobais.c */,
				7BE933C81F7899BD008A7CBF /* VariaveisGlobais.h */,
				7BE933CA1F7899CD008A7CBF /* VariaveisGlobais2.c */,
				7BE933CB1F7899CD008A7CBF /* VariaveisGlobais2.h */,
			);
			path = Capitulo05;
			sourceTree = "<group>";
		};
		7BE933CD1F789F6E008A7CBF /* Capitulo06 */ = {
			isa = PBXGroup;
			children = (
				7BE933CE1F789F7F008A7CBF /* ModificadoresDeVariaveis.c */,
				7BE933CF1F789F7F008A7CBF /* ModificadoresDeVariaveis.h */,
			);
			path = Capitulo06;
			sourceTree = "<group>";
		};
		7BE933D11F79DF4A008A7CBF /* Capitulo07 */ = {
			isa = PBXGroup;
			children = (
				7BE933D21F79DF65008A7CBF /* VariaveisEstaticas.c */,
				7BE933D31F79DF65008A7CBF /* VariaveisEstaticas.h */,
				7BE933D61F79E6CE008A7CBF /* Register.c */,
				7BE933D71F79E6CE008A7CBF /* Register.h */,
			);
			path = Capitulo07;
			sourceTree = "<group>";
		};
		7BE933D51F79E66A008A7CBF /* Capitulo08 */ = {
			isa = PBXGroup;
			children = (
				7B7947161F7C8DAD006B7FE3 /* Operadores.c */,
				7B7947171F7C8DAD006B7FE3 /* Operadores.h */,
			);
			path = Capitulo08;
			sourceTree = "<group>";
		};
/* End PBXGroup section */

/* Begin PBXNativeTarget section */
		7B15DBC11F5F8A6F003F515E /* CStudies */ = {
			isa = PBXNativeTarget;
			buildConfigurationList = 7B15DBC91F5F8A6F003F515E /* Build configuration list for PBXNativeTarget "CStudies" */;
			buildPhases = (
				7B15DBBE1F5F8A6F003F515E /* Sources */,
				7B15DBBF1F5F8A6F003F515E /* Frameworks */,
				7B15DBC01F5F8A6F003F515E /* CopyFiles */,
			);
			buildRules = (
			);
			dependencies = (
			);
			name = CStudies;
			productName = CStudies;
			productReference = 7B15DBC21F5F8A6F003F515E /* CStudies */;
			productType = "com.apple.product-type.tool";
		};
/* End PBXNativeTarget section */

/* Begin PBXProject section */
		7B15DBBA1F5F8A6F003F515E /* Project object */ = {
			isa = PBXProject;
			attributes = {
				LastUpgradeCheck = 0900;
				ORGANIZATIONNAME = "Hatsumi Hashi";
				TargetAttributes = {
					7B15DBC11F5F8A6F003F515E = {
						CreatedOnToolsVersion = 8.3.3;
						ProvisioningStyle = Automatic;
					};
				};
			};
			buildConfigurationList = 7B15DBBD1F5F8A6F003F515E /* Build configuration list for PBXProject "CStudies" */;
			compatibilityVersion = "Xcode 3.2";
			developmentRegion = English;
			hasScannedForEncodings = 0;
			knownRegions = (
				en,
			);
			mainGroup = 7B15DBB91F5F8A6F003F515E;
			productRefGroup = 7B15DBC31F5F8A6F003F515E /* Products */;
			projectDirPath = "";
			projectRoot = "";
			targets = (
				7B15DBC11F5F8A6F003F515E /* CStudies */,
			);
		};
/* End PBXProject section */

/* Begin PBXSourcesBuildPhase section */
		7B15DBBE1F5F8A6F003F515E /* Sources */ = {
			isa = PBXSourcesBuildPhase;
			buildActionMask = 2147483647;
			files = (
				7BE933C91F7899BD008A7CBF /* VariaveisGlobais.c in Sources */,
				7B7947181F7C8DAD006B7FE3 /* Operadores.c in Sources */,
				7BE933CC1F7899CD008A7CBF /* VariaveisGlobais2.c in Sources */,
				7BE933BC1F7760CA008A7CBF /* Loops.c in Sources */,
				7BE933C21F776F84008A7CBF /* Condicionais.c in Sources */,
				7BE933C51F7896E6008A7CBF /* Variaveis2.c in Sources */,
				7BE933D81F79E6CE008A7CBF /* Register.c in Sources */,
				7BE933D41F79DF65008A7CBF /* VariaveisEstaticas.c in Sources */,
				7B7947151F7C8D86006B7FE3 /* OperadoresLogicosRelacionais.c in Sources */,
				7BE933A71F77479D008A7CBF /* Entrada.c in Sources */,
				7B15DBC61F5F8A6F003F515E /* main.c in Sources */,
				7BE933B31F7758AE008A7CBF /* Variaveis.c in Sources */,
				7BE933A41F774112008A7CBF /* Saida.c in Sources */,
				7BE933D01F789F7F008A7CBF /* ModificadoresDeVariaveis.c in Sources */,
			);
			runOnlyForDeploymentPostprocessing = 0;
		};
/* End PBXSourcesBuildPhase section */

/* Begin XCBuildConfiguration section */
		7B15DBC71F5F8A6F003F515E /* Debug */ = {
			isa = XCBuildConfiguration;
			buildSettings = {
				ALWAYS_SEARCH_USER_PATHS = NO;
				CLANG_ANALYZER_NONNULL = YES;
				CLANG_ANALYZER_NUMBER_OBJECT_CONVERSION = YES_AGGRESSIVE;
				CLANG_CXX_LANGUAGE_STANDARD = "gnu++0x";
				CLANG_CXX_LIBRARY = "libc++";
				CLANG_ENABLE_MODULES = YES;
				CLANG_ENABLE_OBJC_ARC = YES;
				CLANG_WARN_BLOCK_CAPTURE_AUTORELEASING = YES;
				CLANG_WARN_BOOL_CONVERSION = YES;
				CLANG_WARN_COMMA = YES;
				CLANG_WARN_CONSTANT_CONVERSION = YES;
				CLANG_WARN_DIRECT_OBJC_ISA_USAGE = YES_ERROR;
				CLANG_WARN_DOCUMENTATION_COMMENTS = YES;
				CLANG_WARN_EMPTY_BODY = YES;
				CLANG_WARN_ENUM_CONVERSION = YES;
				CLANG_WARN_INFINITE_RECURSION = YES;
				CLANG_WARN_INT_CONVERSION = YES;
				CLANG_WARN_NON_LITERAL_NULL_CONVERSION = YES;
				CLANG_WARN_OBJC_LITERAL_CONVERSION = YES;
				CLANG_WARN_OBJC_ROOT_CLASS = YES_ERROR;
				CLANG_WARN_RANGE_LOOP_ANALYSIS = YES;
				CLANG_WARN_STRICT_PROTOTYPES = YES;
				CLANG_WARN_SUSPICIOUS_MOVE = YES;
				CLANG_WARN_UNREACHABLE_CODE = YES;
				CLANG_WARN__DUPLICATE_METHOD_MATCH = YES;
				CODE_SIGN_IDENTITY = "-";
				COPY_PHASE_STRIP = NO;
				DEBUG_INFORMATION_FORMAT = dwarf;
				ENABLE_STRICT_OBJC_MSGSEND = YES;
				ENABLE_TESTABILITY = NO;
				GCC_C_LANGUAGE_STANDARD = gnu99;
				GCC_DYNAMIC_NO_PIC = NO;
				GCC_NO_COMMON_BLOCKS = YES;
				GCC_OPTIMIZATION_LEVEL = 0;
				GCC_PREPROCESSOR_DEFINITIONS = (
					"DEBUG=1",
					"$(inherited)",
				);
				GCC_WARN_64_TO_32_BIT_CONVERSION = YES;
				GCC_WARN_ABOUT_RETURN_TYPE = YES_ERROR;
				GCC_WARN_UNDECLARED_SELECTOR = YES;
				GCC_WARN_UNINITIALIZED_AUTOS = YES_AGGRESSIVE;
				GCC_WARN_UNUSED_FUNCTION = YES;
				GCC_WARN_UNUSED_VARIABLE = YES;
				MACOSX_DEPLOYMENT_TARGET = 10.12;
				MTL_ENABLE_DEBUG_INFO = YES;
				ONLY_ACTIVE_ARCH = YES;
				SDKROOT = macosx;
			};
			name = Debug;
		};
		7B15DBC81F5F8A6F003F515E /* Release */ = {
			isa = XCBuildConfiguration;
			buildSettings = {
				ALWAYS_SEARCH_USER_PATHS = NO;
				CLANG_ANALYZER_NONNULL = YES;
				CLANG_ANALYZER_NUMBER_OBJECT_CONVERSION = YES_AGGRESSIVE;
				CLANG_CXX_LANGUAGE_STANDARD = "gnu++0x";
				CLANG_CXX_LIBRARY = "libc++";
				CLANG_ENABLE_MODULES = YES;
				CLANG_ENABLE_OBJC_ARC = YES;
				CLANG_WARN_BLOCK_CAPTURE_AUTORELEASING = YES;
				CLANG_WARN_BOOL_CONVERSION = YES;
				CLANG_WARN_COMMA = YES;
				CLANG_WARN_CONSTANT_CONVERSION = YES;
				CLANG_WARN_DIRECT_OBJC_ISA_USAGE = YES_ERROR;
				CLANG_WARN_DOCUMENTATION_COMMENTS = YES;
				CLANG_WARN_EMPTY_BODY = YES;
				CLANG_WARN_ENUM_CONVERSION = YES;
				CLANG_WARN_INFINITE_RECURSION = YES;
				CLANG_WARN_INT_CONVERSION = YES;
				CLANG_WARN_NON_LITERAL_NULL_CONVERSION = YES;
				CLANG_WARN_OBJC_LITERAL_CONVERSION = YES;
				CLANG_WARN_OBJC_ROOT_CLASS = YES_ERROR;
				CLANG_WARN_RANGE_LOOP_ANALYSIS = YES;
				CLANG_WARN_STRICT_PROTOTYPES = YES;
				CLANG_WARN_SUSPICIOUS_MOVE = YES;
				CLANG_WARN_UNREACHABLE_CODE = YES;
				CLANG_WARN__DUPLICATE_METHOD_MATCH = YES;
				CODE_SIGN_IDENTITY = "-";
				COPY_PHASE_STRIP = NO;
				DEBUG_INFORMATION_FORMAT = "dwarf-with-dsym";
				ENABLE_NS_ASSERTIONS = NO;
				ENABLE_STRICT_OBJC_MSGSEND = YES;
				GCC_C_LANGUAGE_STANDARD = gnu99;
				GCC_NO_COMMON_BLOCKS = YES;
				GCC_WARN_64_TO_32_BIT_CONVERSION = YES;
				GCC_WARN_ABOUT_RETURN_TYPE = YES_ERROR;
				GCC_WARN_UNDECLARED_SELECTOR = YES;
				GCC_WARN_UNINITIALIZED_AUTOS = YES_AGGRESSIVE;
				GCC_WARN_UNUSED_FUNCTION = YES;
				GCC_WARN_UNUSED_VARIABLE = YES;
				MACOSX_DEPLOYMENT_TARGET = 10.12;
				MTL_ENABLE_DEBUG_INFO = NO;
				SDKROOT = macosx;
			};
			name = Release;
		};
		7B15DBCA1F5F8A6F003F515E /* Debug */ = {
			isa = XCBuildConfiguration;
			buildSettings = {
				ALWAYS_EMBED_SWIFT_STANDARD_LIBRARIES = NO;
				"FRAMEWORK_SEARCH_PATHS[arch=*]" = "$(PLATFORM_DIR)/Developer/Library/Frameworks";
				PRODUCT_NAME = "$(TARGET_NAME)";
			};
			name = Debug;
		};
		7B15DBCB1F5F8A6F003F515E /* Release */ = {
			isa = XCBuildConfiguration;
			buildSettings = {
				ALWAYS_EMBED_SWIFT_STANDARD_LIBRARIES = NO;
				"FRAMEWORK_SEARCH_PATHS[arch=*]" = "$(PLATFORM_DIR)/Developer/Library/Frameworks\n\n";
				PRODUCT_NAME = "$(TARGET_NAME)";
			};
			name = Release;
		};
/* End XCBuildConfiguration section */

/* Begin XCConfigurationList section */
		7B15DBBD1F5F8A6F003F515E /* Build configuration list for PBXProject "CStudies" */ = {
			isa = XCConfigurationList;
			buildConfigurations = (
				7B15DBC71F5F8A6F003F515E /* Debug */,
				7B15DBC81F5F8A6F003F515E /* Release */,
			);
			defaultConfigurationIsVisible = 0;
			defaultConfigurationName = Release;
		};
		7B15DBC91F5F8A6F003F515E /* Build configuration list for PBXNativeTarget "CStudies" */ = {
			isa = XCConfigurationList;
			buildConfigurations = (
				7B15DBCA1F5F8A6F003F515E /* Debug */,
				7B15DBCB1F5F8A6F003F515E /* Release */,
			);
			defaultConfigurationIsVisible = 0;
			defaultConfigurationName = Release;
		};
/* End XCConfigurationList section */
	};
	rootObject = 7B15DBBA1F5F8A6F003F515E /* Project object */;
}
